
Microsoft Visual Studio Solution File, Format Version 12.00
# Visual Studio Version 16
VisualStudioVersion = 25.0.1700.7
MinimumVisualStudioVersion = 10.0.40219.1
Project("{FAE04EC0-301F-11D3-BF4B-00C04F79EFBC}") = "hash_tables", "hash_tables\hash_tables.csproj", "{96854751-A46C-4F0C-95F8-8BF77B1349C9}"
EndProject
Global
	GlobalSection(SolutionConfigurationPlatforms) = preSolution
		Debug|Any CPU = Debug|Any CPU
		Release|Any CPU = Release|Any CPU
	EndGlobalSection
	GlobalSection(ProjectConfigurationPlatforms) = postSolution
		{96854751-A46C-4F0C-95F8-8BF77B1349C9}.Debug|Any CPU.ActiveCfg = Debug|Any CPU
		{96854751-A46C-4F0C-95F8-8BF77B1349C9}.Debug|Any CPU.Build.0 = Debug|Any CPU
		{96854751-A46C-4F0C-95F8-8BF77B1349C9}.Release|Any CPU.ActiveCfg = Release|Any CPU
		{96854751-A46C-4F0C-95F8-8BF77B1349C9}.Release|Any CPU.Build.0 = Release|Any CPU
	EndGlobalSection
	GlobalSection(SolutionProperties) = preSolution
		HideSolutionNode = FALSE
	EndGlobalSection
	GlobalSection(ExtensibilityGlobals) = postSolution
		SolutionGuid = {0E881924-F011-4081-9674-C9E334F28634}
	EndGlobalSection
EndGlobal
